
Microsoft Visual Studio Solution File, Format Version 12.00
# Visual Studio Version 17
VisualStudioVersion = 17.6.33723.286
MinimumVisualStudioVersion = 10.0.40219.1
Project("{8BC9CEB8-8B4A-11D0-8D11-00A0C91BC942}") = "Tarea01_Ejemplo_glfw", "Tarea01_Ejemplo_glfw\Tarea01_Ejemplo_glfw.vcxproj", "{C5F633C0-444B-432C-9A84-B2C1C7B67E32}"
EndProject
Global
	GlobalSection(SolutionConfigurationPlatforms) = preSolution
		Debug|x64 = Debug|x64
		Debug|x86 = Debug|x86
		Release|x64 = Release|x64
		Release|x86 = Release|x86
	EndGlobalSection
	GlobalSection(ProjectConfigurationPlatforms) = postSolution
		{C5F633C0-444B-432C-9A84-B2C1C7B67E32}.Debug|x64.ActiveCfg = Debug|x64
		{C5F633C0-444B-432C-9A84-B2C1C7B67E32}.Debug|x64.Build.0 = Debug|x64
		{C5F633C0-444B-432C-9A84-B2C1C7B67E32}.Debug|x86.ActiveCfg = Debug|Win32
		{C5F633C0-444B-432C-9A84-B2C1C7B67E32}.Debug|x86.Build.0 = Debug|Win32
		{C5F633C0-444B-432C-9A84-B2C1C7B67E32}.Release|x64.ActiveCfg = Release|x64
		{C5F633C0-444B-432C-9A84-B2C1C7B67E32}.Release|x64.Build.0 = Release|x64
		{C5F633C0-444B-432C-9A84-B2C1C7B67E32}.Release|x86.ActiveCfg = Release|Win32
		{C5F633C0-444B-432C-9A84-B2C1C7B67E32}.Release|x86.Build.0 = Release|Win32
	EndGlobalSection
	GlobalSection(SolutionProperties) = preSolution
		HideSolutionNode = FALSE
	EndGlobalSection
	GlobalSection(ExtensibilityGlobals) = postSolution
		SolutionGuid = {B3CBBA18-481A-4737-B4DE-298028E20942}
	EndGlobalSection
EndGlobal
